
Microsoft Visual Studio Solution File, Format Version 12.00
# Visual Studio 14
VisualStudioVersion = 14.0.25420.1
MinimumVisualStudioVersion = 10.0.40219.1
Project("{2150E333-8FDC-42A3-9474-1A3956D46DE8}") = "src", "src", "{1089ED0C-324E-4D34-B710-3FA09E7628C3}"
EndProject
Project("{2150E333-8FDC-42A3-9474-1A3956D46DE8}") = "Solution Items", "Solution Items", "{544E125E-0FA4-467B-A2CF-510F02831056}"
	ProjectSection(SolutionItems) = preProject
		global.json = global.json
	EndProjectSection
EndProject
Project("{8BB2217D-0F2D-49D1-97BC-3654ED321F3B}") = "PartyInvites", "src\PartyInvites\PartyInvites.xproj", "{C82756D1-8848-41FB-99E9-23FB3AA0AD3C}"
EndProject
Global
	GlobalSection(SolutionConfigurationPlatforms) = preSolution
		Debug|Any CPU = Debug|Any CPU
		Release|Any CPU = Release|Any CPU
	EndGlobalSection
	GlobalSection(ProjectConfigurationPlatforms) = postSolution
		{C82756D1-8848-41FB-99E9-23FB3AA0AD3C}.Debug|Any CPU.ActiveCfg = Debug|Any CPU
		{C82756D1-8848-41FB-99E9-23FB3AA0AD3C}.Debug|Any CPU.Build.0 = Debug|Any CPU
		{C82756D1-8848-41FB-99E9-23FB3AA0AD3C}.Release|Any CPU.ActiveCfg = Release|Any CPU
		{C82756D1-8848-41FB-99E9-23FB3AA0AD3C}.Release|Any CPU.Build.0 = Release|Any CPU
	EndGlobalSection
	GlobalSection(SolutionProperties) = preSolution
		HideSolutionNode = FALSE
	EndGlobalSection
	GlobalSection(NestedProjects) = preSolution
		{C82756D1-8848-41FB-99E9-23FB3AA0AD3C} = {1089ED0C-324E-4D34-B710-3FA09E7628C3}
	EndGlobalSection
EndGlobal
